
Microsoft Visual Studio Solution File, Format Version 12.00
# Visual Studio 15
VisualStudioVersion = 15.0.27130.2036
MinimumVisualStudioVersion = 10.0.40219.1
Project("{FAE04EC0-301F-11D3-BF4B-00C04F79EFBC}") = "RdKafkaDotNetProducer", "RdKafkaDotNetProducer\RdKafkaDotNetProducer.csproj", "{18472ADA-835F-4B6D-91CF-0E7438ADC958}"
EndProject
Global
	GlobalSection(SolutionConfigurationPlatforms) = preSolution
		Debug|Any CPU = Debug|Any CPU
		Release|Any CPU = Release|Any CPU
	EndGlobalSection
	GlobalSection(ProjectConfigurationPlatforms) = postSolution
		{18472ADA-835F-4B6D-91CF-0E7438ADC958}.Debug|Any CPU.ActiveCfg = Debug|Any CPU
		{18472ADA-835F-4B6D-91CF-0E7438ADC958}.Debug|Any CPU.Build.0 = Debug|Any CPU
		{18472ADA-835F-4B6D-91CF-0E7438ADC958}.Release|Any CPU.ActiveCfg = Release|Any CPU
		{18472ADA-835F-4B6D-91CF-0E7438ADC958}.Release|Any CPU.Build.0 = Release|Any CPU
	EndGlobalSection
	GlobalSection(SolutionProperties) = preSolution
		HideSolutionNode = FALSE
	EndGlobalSection
	GlobalSection(ExtensibilityGlobals) = postSolution
		SolutionGuid = {F2181887-12C4-4A80-A93B-91EBA713177D}
	EndGlobalSection
EndGlobal
